// !$*UTF8*$!
{
	archiveVersion = 1;
	classes = {
	};
	objectVersion = 46;
	objects = {

/* Begin PBXBuildFile section */
		022B100E1B2F2FC400DD4DCD /* AppDelegate.swift in Sources */ = {isa = PBXBuildFile; fileRef = 022B100D1B2F2FC400DD4DCD /* AppDelegate.swift */; };
		022B10101B2F2FC400DD4DCD /* MasterViewController.swift in Sources */ = {isa = PBXBuildFile; fileRef = 022B100F1B2F2FC400DD4DCD /* MasterViewController.swift */; };
		022B10121B2F2FC400DD4DCD /* DetailViewController.swift in Sources */ = {isa = PBXBuildFile; fileRef = 022B10111B2F2FC400DD4DCD /* DetailViewController.swift */; };
		022B10151B2F2FC400DD4DCD /* Main.storyboard in Resources */ = {isa = PBXBuildFile; fileRef = 022B10131B2F2FC400DD4DCD /* Main.storyboard */; };
		022B10171B2F2FC400DD4DCD /* Images.xcassets in Resources */ = {isa = PBXBuildFile; fileRef = 022B10161B2F2FC400DD4DCD /* Images.xcassets */; };
		022B101A1B2F2FC400DD4DCD /* LaunchScreen.xib in Resources */ = {isa = PBXBuildFile; fileRef = 022B10181B2F2FC400DD4DCD /* LaunchScreen.xib */; };
		022B10401B2F42DC00DD4DCD /* Box.framework in Frameworks */ = {isa = PBXBuildFile; fileRef = 022B103C1B2F42DC00DD4DCD /* Box.framework */; };
		022B10421B2F42DC00DD4DCD /* ReactiveCocoa.framework in Frameworks */ = {isa = PBXBuildFile; fileRef = 022B103E1B2F42DC00DD4DCD /* ReactiveCocoa.framework */; };
		022B10451B2F437300DD4DCD /* Box.framework in Embed Frameworks */ = {isa = PBXBuildFile; fileRef = 022B103C1B2F42DC00DD4DCD /* Box.framework */; settings = {ATTRIBUTES = (CodeSignOnCopy, RemoveHeadersOnCopy, ); }; };
		022B10461B2F437400DD4DCD /* DataSource.framework in Frameworks */ = {isa = PBXBuildFile; fileRef = 022B103D1B2F42DC00DD4DCD /* DataSource.framework */; };
		022B10471B2F437400DD4DCD /* DataSource.framework in Embed Frameworks */ = {isa = PBXBuildFile; fileRef = 022B103D1B2F42DC00DD4DCD /* DataSource.framework */; settings = {ATTRIBUTES = (CodeSignOnCopy, RemoveHeadersOnCopy, ); }; };
		022B10491B2F437400DD4DCD /* ReactiveCocoa.framework in Embed Frameworks */ = {isa = PBXBuildFile; fileRef = 022B103E1B2F42DC00DD4DCD /* ReactiveCocoa.framework */; settings = {ATTRIBUTES = (CodeSignOnCopy, RemoveHeadersOnCopy, ); }; };
		022B104A1B2F437400DD4DCD /* Result.framework in Frameworks */ = {isa = PBXBuildFile; fileRef = 022B103F1B2F42DC00DD4DCD /* Result.framework */; };
		022B104B1B2F437400DD4DCD /* Result.framework in Embed Frameworks */ = {isa = PBXBuildFile; fileRef = 022B103F1B2F42DC00DD4DCD /* Result.framework */; settings = {ATTRIBUTES = (CodeSignOnCopy, RemoveHeadersOnCopy, ); }; };
/* End PBXBuildFile section */

/* Begin PBXCopyFilesBuildPhase section */
		022B104C1B2F437400DD4DCD /* Embed Frameworks */ = {
			isa = PBXCopyFilesBuildPhase;
			buildActionMask = 2147483647;
			dstPath = "";
			dstSubfolderSpec = 10;
			files = (
				022B10451B2F437300DD4DCD /* Box.framework in Embed Frameworks */,
				022B10491B2F437400DD4DCD /* ReactiveCocoa.framework in Embed Frameworks */,
				022B10471B2F437400DD4DCD /* DataSource.framework in Embed Frameworks */,
				022B104B1B2F437400DD4DCD /* Result.framework in Embed Frameworks */,
			);
			name = "Embed Frameworks";
			runOnlyForDeploymentPostprocessing = 0;
		};
/* End PBXCopyFilesBuildPhase section */

/* Begin PBXFileReference section */
		022B10081B2F2FC400DD4DCD /* DataSourceExample.app */ = {isa = PBXFileReference; explicitFileType = wrapper.application; includeInIndex = 0; path = DataSourceExample.app; sourceTree = BUILT_PRODUCTS_DIR; };
		022B100C1B2F2FC400DD4DCD /* Info.plist */ = {isa = PBXFileReference; lastKnownFileType = text.plist.xml; path = Info.plist; sourceTree = "<group>"; };
		022B100D1B2F2FC400DD4DCD /* AppDelegate.swift */ = {isa = PBXFileReference; lastKnownFileType = sourcecode.swift; path = AppDelegate.swift; sourceTree = "<group>"; };
		022B100F1B2F2FC400DD4DCD /* MasterViewController.swift */ = {isa = PBXFileReference; lastKnownFileType = sourcecode.swift; path = MasterViewController.swift; sourceTree = "<group>"; };
		022B10111B2F2FC400DD4DCD /* DetailViewController.swift */ = {isa = PBXFileReference; lastKnownFileType = sourcecode.swift; path = DetailViewController.swift; sourceTree = "<group>"; };
		022B10141B2F2FC400DD4DCD /* Base */ = {isa = PBXFileReference; lastKnownFileType = file.storyboard; name = Base; path = Base.lproj/Main.storyboard; sourceTree = "<group>"; };
		022B10161B2F2FC400DD4DCD /* Images.xcassets */ = {isa = PBXFileReference; lastKnownFileType = folder.assetcatalog; path = Images.xcassets; sourceTree = "<group>"; };
		022B10191B2F2FC400DD4DCD /* Base */ = {isa = PBXFileReference; lastKnownFileType = file.xib; name = Base; path = Base.lproj/LaunchScreen.xib; sourceTree = "<group>"; };
		022B103C1B2F42DC00DD4DCD /* Box.framework */ = {isa = PBXFileReference; lastKnownFileType = wrapper.framework; name = Box.framework; path = Carthage/Build/iOS/Box.framework; sourceTree = "<group>"; };
		022B103D1B2F42DC00DD4DCD /* DataSource.framework */ = {isa = PBXFileReference; lastKnownFileType = wrapper.framework; name = DataSource.framework; path = Carthage/Build/iOS/DataSource.framework; sourceTree = "<group>"; };
		022B103E1B2F42DC00DD4DCD /* ReactiveCocoa.framework */ = {isa = PBXFileReference; lastKnownFileType = wrapper.framework; name = ReactiveCocoa.framework; path = Carthage/Build/iOS/ReactiveCocoa.framework; sourceTree = "<group>"; };
		022B103F1B2F42DC00DD4DCD /* Result.framework */ = {isa = PBXFileReference; lastKnownFileType = wrapper.framework; name = Result.framework; path = Carthage/Build/iOS/Result.framework; sourceTree = "<group>"; };
/* End PBXFileReference section */

/* Begin PBXFrameworksBuildPhase section */
		022B10051B2F2FC400DD4DCD /* Frameworks */ = {
			isa = PBXFrameworksBuildPhase;
			buildActionMask = 2147483647;
			files = (
				022B10401B2F42DC00DD4DCD /* Box.framework in Frameworks */,
				022B10461B2F437400DD4DCD /* DataSource.framework in Frameworks */,
				022B104A1B2F437400DD4DCD /* Result.framework in Frameworks */,
				022B10421B2F42DC00DD4DCD /* ReactiveCocoa.framework in Frameworks */,
			);
			runOnlyForDeploymentPostprocessing = 0;
		};
/* End PBXFrameworksBuildPhase section */

/* Begin PBXGroup section */
		022B0FFF1B2F2FC400DD4DCD = {
			isa = PBXGroup;
			children = (
				022B103C1B2F42DC00DD4DCD /* Box.framework */,
				022B103D1B2F42DC00DD4DCD /* DataSource.framework */,
				022B103E1B2F42DC00DD4DCD /* ReactiveCocoa.framework */,
				022B103F1B2F42DC00DD4DCD /* Result.framework */,
				022B100A1B2F2FC400DD4DCD /* DataSourceExample */,
				022B10091B2F2FC400DD4DCD /* Products */,
			);
			sourceTree = "<group>";
		};
		022B10091B2F2FC400DD4DCD /* Products */ = {
			isa = PBXGroup;
			children = (
				022B10081B2F2FC400DD4DCD /* DataSourceExample.app */,
			);
			name = Products;
			sourceTree = "<group>";
		};
		022B100A1B2F2FC400DD4DCD /* DataSourceExample */ = {
			isa = PBXGroup;
			children = (
				022B100D1B2F2FC400DD4DCD /* AppDelegate.swift */,
				022B100F1B2F2FC400DD4DCD /* MasterViewController.swift */,
				022B10111B2F2FC400DD4DCD /* DetailViewController.swift */,
				022B10131B2F2FC400DD4DCD /* Main.storyboard */,
				022B10161B2F2FC400DD4DCD /* Images.xcassets */,
				022B10181B2F2FC400DD4DCD /* LaunchScreen.xib */,
				022B100B1B2F2FC400DD4DCD /* Supporting Files */,
			);
			path = DataSourceExample;
			sourceTree = "<group>";
		};
		022B100B1B2F2FC400DD4DCD /* Supporting Files */ = {
			isa = PBXGroup;
			children = (
				022B100C1B2F2FC400DD4DCD /* Info.plist */,
			);
			name = "Supporting Files";
			sourceTree = "<group>";
		};
/* End PBXGroup section */

/* Begin PBXNativeTarget section */
		022B10071B2F2FC400DD4DCD /* DataSourceExample */ = {
			isa = PBXNativeTarget;
			buildConfigurationList = 022B10291B2F2FC400DD4DCD /* Build configuration list for PBXNativeTarget "DataSourceExample" */;
			buildPhases = (
				022B10041B2F2FC400DD4DCD /* Sources */,
				022B10051B2F2FC400DD4DCD /* Frameworks */,
				022B10061B2F2FC400DD4DCD /* Resources */,
				022B104C1B2F437400DD4DCD /* Embed Frameworks */,
			);
			buildRules = (
			);
			dependencies = (
			);
			name = DataSourceExample;
			productName = DataSourceExample;
			productReference = 022B10081B2F2FC400DD4DCD /* DataSourceExample.app */;
			productType = "com.apple.product-type.application";
		};
/* End PBXNativeTarget section */

/* Begin PBXProject section */
		022B10001B2F2FC400DD4DCD /* Project object */ = {
			isa = PBXProject;
			attributes = {
				LastUpgradeCheck = 0640;
				ORGANIZATIONNAME = Fueled;
				TargetAttributes = {
					022B10071B2F2FC400DD4DCD = {
						CreatedOnToolsVersion = 6.3.2;
					};
				};
			};
			buildConfigurationList = 022B10031B2F2FC400DD4DCD /* Build configuration list for PBXProject "DataSourceExample" */;
			compatibilityVersion = "Xcode 3.2";
			developmentRegion = English;
			hasScannedForEncodings = 0;
			knownRegions = (
				en,
				Base,
			);
			mainGroup = 022B0FFF1B2F2FC400DD4DCD;
			productRefGroup = 022B10091B2F2FC400DD4DCD /* Products */;
			projectDirPath = "";
			projectRoot = "";
			targets = (
				022B10071B2F2FC400DD4DCD /* DataSourceExample */,
			);
		};
/* End PBXProject section */

/* Begin PBXResourcesBuildPhase section */
		022B10061B2F2FC400DD4DCD /* Resources */ = {
			isa = PBXResourcesBuildPhase;
			buildActionMask = 2147483647;
			files = (
				022B10151B2F2FC400DD4DCD /* Main.storyboard in Resources */,
				022B101A1B2F2FC400DD4DCD /* LaunchScreen.xib in Resources */,
				022B10171B2F2FC400DD4DCD /* Images.xcassets in Resources */,
			);
			runOnlyForDeploymentPostprocessing = 0;
		};
/* End PBXResourcesBuildPhase section */

/* Begin PBXSourcesBuildPhase section */
		022B10041B2F2FC400DD4DCD /* Sources */ = {
			isa = PBXSourcesBuildPhase;
			buildActionMask = 2147483647;
			files = (
				022B10121B2F2FC400DD4DCD /* DetailViewController.swift in Sources */,
				022B10101B2F2FC400DD4DCD /* MasterViewController.swift in Sources */,
				022B100E1B2F2FC400DD4DCD /* AppDelegate.swift in Sources */,
			);
			runOnlyForDeploymentPostprocessing = 0;
		};
/* End PBXSourcesBuildPhase section */

/* Begin PBXVariantGroup section */
		022B10131B2F2FC400DD4DCD /* Main.storyboard */ = {
			isa = PBXVariantGroup;
			children = (
				022B10141B2F2FC400DD4DCD /* Base */,
			);
			name = Main.storyboard;
			sourceTree = "<group>";
		};
		022B10181B2F2FC400DD4DCD /* LaunchScreen.xib */ = {
			isa = PBXVariantGroup;
			children = (
				022B10191B2F2FC400DD4DCD /* Base */,
			);
			name = LaunchScreen.xib;
			sourceTree = "<group>";
		};
/* End PBXVariantGroup section */

/* Begin XCBuildConfiguration section */
		022B10271B2F2FC400DD4DCD /* Debug */ = {
			isa = XCBuildConfiguration;
			buildSettings = {
				ALWAYS_SEARCH_USER_PATHS = NO;
				CLANG_CXX_LANGUAGE_STANDARD = "gnu++0x";
				CLANG_CXX_LIBRARY = "libc++";
				CLANG_ENABLE_MODULES = YES;
				CLANG_ENABLE_OBJC_ARC = YES;
				CLANG_WARN_BOOL_CONVERSION = YES;
				CLANG_WARN_CONSTANT_CONVERSION = YES;
				CLANG_WARN_DIRECT_OBJC_ISA_USAGE = YES_ERROR;
				CLANG_WARN_EMPTY_BODY = YES;
				CLANG_WARN_ENUM_CONVERSION = YES;
				CLANG_WARN_INT_CONVERSION = YES;
				CLANG_WARN_OBJC_ROOT_CLASS = YES_ERROR;
				CLANG_WARN_UNREACHABLE_CODE = YES;
				CLANG_WARN__DUPLICATE_METHOD_MATCH = YES;
				"CODE_SIGN_IDENTITY[sdk=iphoneos*]" = "iPhone Developer";
				COPY_PHASE_STRIP = NO;
				DEBUG_INFORMATION_FORMAT = "dwarf-with-dsym";
				ENABLE_STRICT_OBJC_MSGSEND = YES;
				GCC_C_LANGUAGE_STANDARD = gnu99;
				GCC_DYNAMIC_NO_PIC = NO;
				GCC_NO_COMMON_BLOCKS = YES;
				GCC_OPTIMIZATION_LEVEL = 0;
				GCC_PREPROCESSOR_DEFINITIONS = (
					"DEBUG=1",
					"$(inherited)",
				);
				GCC_SYMBOLS_PRIVATE_EXTERN = NO;
				GCC_WARN_64_TO_32_BIT_CONVERSION = YES;
				GCC_WARN_ABOUT_RETURN_TYPE = YES_ERROR;
				GCC_WARN_UNDECLARED_SELECTOR = YES;
				GCC_WARN_UNINITIALIZED_AUTOS = YES_AGGRESSIVE;
				GCC_WARN_UNUSED_FUNCTION = YES;
				GCC_WARN_UNUSED_VARIABLE = YES;
				IPHONEOS_DEPLOYMENT_TARGET = 8.3;
				MTL_ENABLE_DEBUG_INFO = YES;
				ONLY_ACTIVE_ARCH = YES;
				SDKROOT = iphoneos;
				SWIFT_OPTIMIZATION_LEVEL = "-Onone";
				TARGETED_DEVICE_FAMILY = "1,2";
			};
			name = Debug;
		};
		022B10281B2F2FC400DD4DCD /* Release */ = {
			isa = XCBuildConfiguration;
			buildSettings = {
				ALWAYS_SEARCH_USER_PATHS = NO;
				CLANG_CXX_LANGUAGE_STANDARD = "gnu++0x";
				CLANG_CXX_LIBRARY = "libc++";
				CLANG_ENABLE_MODULES = YES;
				CLANG_ENABLE_OBJC_ARC = YES;
				CLANG_WARN_BOOL_CONVERSION = YES;
				CLANG_WARN_CONSTANT_CONVERSION = YES;
				CLANG_WARN_DIRECT_OBJC_ISA_USAGE = YES_ERROR;
				CLANG_WARN_EMPTY_BODY = YES;
				CLANG_WARN_ENUM_CONVERSION = YES;
				CLANG_WARN_INT_CONVERSION = YES;
				CLANG_WARN_OBJC_ROOT_CLASS = YES_ERROR;
				CLANG_WARN_UNREACHABLE_CODE = YES;
				CLANG_WARN__DUPLICATE_METHOD_MATCH = YES;
				"CODE_SIGN_IDENTITY[sdk=iphoneos*]" = "iPhone Developer";
				COPY_PHASE_STRIP = NO;
				DEBUG_INFORMATION_FORMAT = "dwarf-with-dsym";
				ENABLE_NS_ASSERTIONS = NO;
				ENABLE_STRICT_OBJC_MSGSEND = YES;
				GCC_C_LANGUAGE_STANDARD = gnu99;
				GCC_NO_COMMON_BLOCKS = YES;
				GCC_WARN_64_TO_32_BIT_CONVERSION = YES;
				GCC_WARN_ABOUT_RETURN_TYPE = YES_ERROR;
				GCC_WARN_UNDECLARED_SELECTOR = YES;
				GCC_WARN_UNINITIALIZED_AUTOS = YES_AGGRESSIVE;
				GCC_WARN_UNUSED_FUNCTION = YES;
				GCC_WARN_UNUSED_VARIABLE = YES;
				IPHONEOS_DEPLOYMENT_TARGET = 8.3;
				MTL_ENABLE_DEBUG_INFO = NO;
				SDKROOT = iphoneos;
				TARGETED_DEVICE_FAMILY = "1,2";
				VALIDATE_PRODUCT = YES;
			};
			name = Release;
		};
		022B102A1B2F2FC400DD4DCD /* Debug */ = {
			isa = XCBuildConfiguration;
			buildSettings = {
				ASSETCATALOG_COMPILER_APPICON_NAME = AppIcon;
				FRAMEWORK_SEARCH_PATHS = (
					"$(inherited)",
					"$(PROJECT_DIR)/Carthage/Build/iOS",
				);
				INFOPLIST_FILE = DataSourceExample/Info.plist;
				LD_RUNPATH_SEARCH_PATHS = "$(inherited) @executable_path/Frameworks";
				PRODUCT_NAME = "$(TARGET_NAME)";
			};
			name = Debug;
		};
		022B102B1B2F2FC400DD4DCD /* Release */ = {
			isa = XCBuildConfiguration;
			buildSettings = {
				ASSETCATALOG_COMPILER_APPICON_NAME = AppIcon;
				FRAMEWORK_SEARCH_PATHS = (
					"$(inherited)",
					"$(PROJECT_DIR)/Carthage/Build/iOS",
				);
				INFOPLIST_FILE = DataSourceExample/Info.plist;
				LD_RUNPATH_SEARCH_PATHS = "$(inherited) @executable_path/Frameworks";
				PRODUCT_NAME = "$(TARGET_NAME)";
			};
			name = Release;
		};
/* End XCBuildConfiguration section */

/* Begin XCConfigurationList section */
		022B10031B2F2FC400DD4DCD /* Build configuration list for PBXProject "DataSourceExample" */ = {
			isa = XCConfigurationList;
			buildConfigurations = (
				022B10271B2F2FC400DD4DCD /* Debug */,
				022B10281B2F2FC400DD4DCD /* Release */,
			);
			defaultConfigurationIsVisible = 0;
			defaultConfigurationName = Release;
		};
		022B10291B2F2FC400DD4DCD /* Build configuration list for PBXNativeTarget "DataSourceExample" */ = {
			isa = XCConfigurationList;
			buildConfigurations = (
				022B102A1B2F2FC400DD4DCD /* Debug */,
				022B102B1B2F2FC400DD4DCD /* Release */,
			);
			defaultConfigurationIsVisible = 0;
			defaultConfigurationName = Release;
		};
/* End XCConfigurationList section */
	};
	rootObject = 022B10001B2F2FC400DD4DCD /* Project object */;
}
