// !$*UTF8*$!
{
	archiveVersion = 1;
	classes = {
	};
	objectVersion = 46;
	objects = {

/* Begin PBXBuildFile section */
		022B100E1B2F2FC400DD4DCD /* AppDelegate.swift in Sources */ = {isa = PBXBuildFile; fileRef = 022B100D1B2F2FC400DD4DCD /* AppDelegate.swift */; };
		022B10151B2F2FC400DD4DCD /* Main.storyboard in Resources */ = {isa = PBXBuildFile; fileRef = 022B10131B2F2FC400DD4DCD /* Main.storyboard */; };
		022B10171B2F2FC400DD4DCD /* Images.xcassets in Resources */ = {isa = PBXBuildFile; fileRef = 022B10161B2F2FC400DD4DCD /* Images.xcassets */; };
		022B101A1B2F2FC400DD4DCD /* LaunchScreen.xib in Resources */ = {isa = PBXBuildFile; fileRef = 022B10181B2F2FC400DD4DCD /* LaunchScreen.xib */; };
		022B10401B2F42DC00DD4DCD /* Box.framework in Frameworks */ = {isa = PBXBuildFile; fileRef = 022B103C1B2F42DC00DD4DCD /* Box.framework */; };
		022B10421B2F42DC00DD4DCD /* ReactiveCocoa.framework in Frameworks */ = {isa = PBXBuildFile; fileRef = 022B103E1B2F42DC00DD4DCD /* ReactiveCocoa.framework */; };
		022B10451B2F437300DD4DCD /* Box.framework in Embed Frameworks */ = {isa = PBXBuildFile; fileRef = 022B103C1B2F42DC00DD4DCD /* Box.framework */; settings = {ATTRIBUTES = (CodeSignOnCopy, RemoveHeadersOnCopy, ); }; };
		022B10461B2F437400DD4DCD /* DataSource.framework in Frameworks */ = {isa = PBXBuildFile; fileRef = 022B103D1B2F42DC00DD4DCD /* DataSource.framework */; };
		022B10471B2F437400DD4DCD /* DataSource.framework in Embed Frameworks */ = {isa = PBXBuildFile; fileRef = 022B103D1B2F42DC00DD4DCD /* DataSource.framework */; settings = {ATTRIBUTES = (CodeSignOnCopy, RemoveHeadersOnCopy, ); }; };
		022B10491B2F437400DD4DCD /* ReactiveCocoa.framework in Embed Frameworks */ = {isa = PBXBuildFile; fileRef = 022B103E1B2F42DC00DD4DCD /* ReactiveCocoa.framework */; settings = {ATTRIBUTES = (CodeSignOnCopy, RemoveHeadersOnCopy, ); }; };
		022B104A1B2F437400DD4DCD /* Result.framework in Frameworks */ = {isa = PBXBuildFile; fileRef = 022B103F1B2F42DC00DD4DCD /* Result.framework */; };
		022B104B1B2F437400DD4DCD /* Result.framework in Embed Frameworks */ = {isa = PBXBuildFile; fileRef = 022B103F1B2F42DC00DD4DCD /* Result.framework */; settings = {ATTRIBUTES = (CodeSignOnCopy, RemoveHeadersOnCopy, ); }; };
		0249433C1B57CBAD009110DE /* ExampleViewModel.swift in Sources */ = {isa = PBXBuildFile; fileRef = 0249433B1B57CBAD009110DE /* ExampleViewModel.swift */; };
		024943411B57CE23009110DE /* StaticItemsViewModel.swift in Sources */ = {isa = PBXBuildFile; fileRef = 024943401B57CE23009110DE /* StaticItemsViewModel.swift */; };
		024943471B57D731009110DE /* RACExtensions.swift in Sources */ = {isa = PBXBuildFile; fileRef = 024943451B57D731009110DE /* RACExtensions.swift */; };
		024943481B57D731009110DE /* UIExtensions.swift in Sources */ = {isa = PBXBuildFile; fileRef = 024943461B57D731009110DE /* UIExtensions.swift */; };
		0249434A1B57D7D4009110DE /* SplitHackDelegate.swift in Sources */ = {isa = PBXBuildFile; fileRef = 024943491B57D7D4009110DE /* SplitHackDelegate.swift */; };
		028F5F031B57C4910079FBFE /* CatalogCell.swift in Sources */ = {isa = PBXBuildFile; fileRef = 028F5F001B57C4910079FBFE /* CatalogCell.swift */; };
		028F5F041B57C4910079FBFE /* CatalogItem.swift in Sources */ = {isa = PBXBuildFile; fileRef = 028F5F011B57C4910079FBFE /* CatalogItem.swift */; };
		028F5F051B57C4910079FBFE /* CatalogViewController.swift in Sources */ = {isa = PBXBuildFile; fileRef = 028F5F021B57C4910079FBFE /* CatalogViewController.swift */; };
		028F5F0E1B57C76A0079FBFE /* ExampleTableViewCell.swift in Sources */ = {isa = PBXBuildFile; fileRef = 028F5F0B1B57C76A0079FBFE /* ExampleTableViewCell.swift */; };
		028F5F0F1B57C76A0079FBFE /* ExampleItem.swift in Sources */ = {isa = PBXBuildFile; fileRef = 028F5F0C1B57C76A0079FBFE /* ExampleItem.swift */; };
		028F5F101B57C76A0079FBFE /* ExampleViewController.swift in Sources */ = {isa = PBXBuildFile; fileRef = 028F5F0D1B57C76A0079FBFE /* ExampleViewController.swift */; };
		02AB3C4F1B57DFC900CF5A35 /* StaticSectionsViewModel.swift in Sources */ = {isa = PBXBuildFile; fileRef = 02AB3C4E1B57DFC900CF5A35 /* StaticSectionsViewModel.swift */; };
		02AB3C511B57E33B00CF5A35 /* ProxyViewModel.swift in Sources */ = {isa = PBXBuildFile; fileRef = 02AB3C501B57E33B00CF5A35 /* ProxyViewModel.swift */; };
		02CD36A71B57EEBC0030CE81 /* ExampleViewModelAction.swift in Sources */ = {isa = PBXBuildFile; fileRef = 02CD36A61B57EEBC0030CE81 /* ExampleViewModelAction.swift */; };
		02FE33C11B57FC7C00D2F5AD /* RandomData.swift in Sources */ = {isa = PBXBuildFile; fileRef = 02FE33C01B57FC7C00D2F5AD /* RandomData.swift */; };
		02FE33C31B57FD8200D2F5AD /* AutoDiffViewModel.swift in Sources */ = {isa = PBXBuildFile; fileRef = 02FE33C21B57FD8200D2F5AD /* AutoDiffViewModel.swift */; };
		02FE33C51B58008600D2F5AD /* CompositeViewModel.swift in Sources */ = {isa = PBXBuildFile; fileRef = 02FE33C41B58008600D2F5AD /* CompositeViewModel.swift */; };
		02FE33C71B58319000D2F5AD /* StaticData.swift in Sources */ = {isa = PBXBuildFile; fileRef = 02FE33C61B58319000D2F5AD /* StaticData.swift */; };
		02FE33C91B58369C00D2F5AD /* SplitHackViewController.swift in Sources */ = {isa = PBXBuildFile; fileRef = 02FE33C81B58369C00D2F5AD /* SplitHackViewController.swift */; };
		02FE33CB1B5BA0DA00D2F5AD /* ExampleCollectionViewCell.swift in Sources */ = {isa = PBXBuildFile; fileRef = 02FE33CA1B5BA0DA00D2F5AD /* ExampleCollectionViewCell.swift */; };
		02FE33CD1B5BAC9F00D2F5AD /* ExampleCollectionViewReusableView.swift in Sources */ = {isa = PBXBuildFile; fileRef = 02FE33CC1B5BAC9F00D2F5AD /* ExampleCollectionViewReusableView.swift */; };
		02FE33CF1B5BBBBF00D2F5AD /* MutableViewModel.swift in Sources */ = {isa = PBXBuildFile; fileRef = 02FE33CE1B5BBBBF00D2F5AD /* MutableViewModel.swift */; };
		02FE33D41B5BBE7F00D2F5AD /* EditingViewController.swift in Sources */ = {isa = PBXBuildFile; fileRef = 02FE33D31B5BBE7F00D2F5AD /* EditingViewController.swift */; };
		02FE33D61B5BBEFD00D2F5AD /* CatalogStaticItem.swift in Sources */ = {isa = PBXBuildFile; fileRef = 02FE33D51B5BBEFD00D2F5AD /* CatalogStaticItem.swift */; };
		02FE33D81B5BC30900D2F5AD /* EditingTableViewDataSource.swift in Sources */ = {isa = PBXBuildFile; fileRef = 02FE33D71B5BC30900D2F5AD /* EditingTableViewDataSource.swift */; };
		02FE33DB1B5BF22000D2F5AD /* InputFormViewController.swift in Sources */ = {isa = PBXBuildFile; fileRef = 02FE33DA1B5BF22000D2F5AD /* InputFormViewController.swift */; };
		02FE33DD1B5BF2A400D2F5AD /* InputFormData.swift in Sources */ = {isa = PBXBuildFile; fileRef = 02FE33DC1B5BF2A400D2F5AD /* InputFormData.swift */; };
		02FE33DF1B5BF2D500D2F5AD /* InputFormTextItem.swift in Sources */ = {isa = PBXBuildFile; fileRef = 02FE33DE1B5BF2D500D2F5AD /* InputFormTextItem.swift */; };
		02FE33E11B5BF37000D2F5AD /* InputFormTextFieldCell.swift in Sources */ = {isa = PBXBuildFile; fileRef = 02FE33E01B5BF37000D2F5AD /* InputFormTextFieldCell.swift */; };
		02FE33E31B5BF3CB00D2F5AD /* InputFormItem.swift in Sources */ = {isa = PBXBuildFile; fileRef = 02FE33E21B5BF3CB00D2F5AD /* InputFormItem.swift */; };
		02FE33E51B5BFF6C00D2F5AD /* InputFormBoolItem.swift in Sources */ = {isa = PBXBuildFile; fileRef = 02FE33E41B5BFF6C00D2F5AD /* InputFormBoolItem.swift */; };
		02FE33E71B5BFFD900D2F5AD /* InputFormSwitchCell.swift in Sources */ = {isa = PBXBuildFile; fileRef = 02FE33E61B5BFFD900D2F5AD /* InputFormSwitchCell.swift */; };
		02FE33F11B5C053800D2F5AD /* TPKeyboardAvoidingCollectionView.m in Sources */ = {isa = PBXBuildFile; fileRef = 02FE33EA1B5C053800D2F5AD /* TPKeyboardAvoidingCollectionView.m */; };
		02FE33F21B5C053800D2F5AD /* TPKeyboardAvoidingScrollView.m in Sources */ = {isa = PBXBuildFile; fileRef = 02FE33EC1B5C053800D2F5AD /* TPKeyboardAvoidingScrollView.m */; };
		02FE33F31B5C053800D2F5AD /* TPKeyboardAvoidingTableView.m in Sources */ = {isa = PBXBuildFile; fileRef = 02FE33EE1B5C053800D2F5AD /* TPKeyboardAvoidingTableView.m */; };
		02FE33F41B5C053800D2F5AD /* UIScrollView+TPKeyboardAvoidingAdditions.m in Sources */ = {isa = PBXBuildFile; fileRef = 02FE33F01B5C053800D2F5AD /* UIScrollView+TPKeyboardAvoidingAdditions.m */; };
/* End PBXBuildFile section */

/* Begin PBXCopyFilesBuildPhase section */
		022B104C1B2F437400DD4DCD /* Embed Frameworks */ = {
			isa = PBXCopyFilesBuildPhase;
			buildActionMask = 2147483647;
			dstPath = "";
			dstSubfolderSpec = 10;
			files = (
				022B10451B2F437300DD4DCD /* Box.framework in Embed Frameworks */,
				022B10491B2F437400DD4DCD /* ReactiveCocoa.framework in Embed Frameworks */,
				022B10471B2F437400DD4DCD /* DataSource.framework in Embed Frameworks */,
				022B104B1B2F437400DD4DCD /* Result.framework in Embed Frameworks */,
			);
			name = "Embed Frameworks";
			runOnlyForDeploymentPostprocessing = 0;
		};
/* End PBXCopyFilesBuildPhase section */

/* Begin PBXFileReference section */
		022B10081B2F2FC400DD4DCD /* DataSourceExample.app */ = {isa = PBXFileReference; explicitFileType = wrapper.application; includeInIndex = 0; path = DataSourceExample.app; sourceTree = BUILT_PRODUCTS_DIR; };
		022B100C1B2F2FC400DD4DCD /* Info.plist */ = {isa = PBXFileReference; lastKnownFileType = text.plist.xml; path = Info.plist; sourceTree = "<group>"; };
		022B100D1B2F2FC400DD4DCD /* AppDelegate.swift */ = {isa = PBXFileReference; lastKnownFileType = sourcecode.swift; path = AppDelegate.swift; sourceTree = "<group>"; };
		022B10141B2F2FC400DD4DCD /* Base */ = {isa = PBXFileReference; lastKnownFileType = file.storyboard; name = Base; path = Base.lproj/Main.storyboard; sourceTree = "<group>"; };
		022B10161B2F2FC400DD4DCD /* Images.xcassets */ = {isa = PBXFileReference; lastKnownFileType = folder.assetcatalog; path = Images.xcassets; sourceTree = "<group>"; };
		022B10191B2F2FC400DD4DCD /* Base */ = {isa = PBXFileReference; lastKnownFileType = file.xib; name = Base; path = Base.lproj/LaunchScreen.xib; sourceTree = "<group>"; };
		022B103C1B2F42DC00DD4DCD /* Box.framework */ = {isa = PBXFileReference; lastKnownFileType = wrapper.framework; name = Box.framework; path = Carthage/Build/iOS/Box.framework; sourceTree = "<group>"; };
		022B103D1B2F42DC00DD4DCD /* DataSource.framework */ = {isa = PBXFileReference; lastKnownFileType = wrapper.framework; name = DataSource.framework; path = Carthage/Build/iOS/DataSource.framework; sourceTree = "<group>"; };
		022B103E1B2F42DC00DD4DCD /* ReactiveCocoa.framework */ = {isa = PBXFileReference; lastKnownFileType = wrapper.framework; name = ReactiveCocoa.framework; path = Carthage/Build/iOS/ReactiveCocoa.framework; sourceTree = "<group>"; };
		022B103F1B2F42DC00DD4DCD /* Result.framework */ = {isa = PBXFileReference; lastKnownFileType = wrapper.framework; name = Result.framework; path = Carthage/Build/iOS/Result.framework; sourceTree = "<group>"; };
		0249433B1B57CBAD009110DE /* ExampleViewModel.swift */ = {isa = PBXFileReference; fileEncoding = 4; lastKnownFileType = sourcecode.swift; path = ExampleViewModel.swift; sourceTree = "<group>"; };
		024943401B57CE23009110DE /* StaticItemsViewModel.swift */ = {isa = PBXFileReference; fileEncoding = 4; lastKnownFileType = sourcecode.swift; path = StaticItemsViewModel.swift; sourceTree = "<group>"; };
		024943451B57D731009110DE /* RACExtensions.swift */ = {isa = PBXFileReference; fileEncoding = 4; lastKnownFileType = sourcecode.swift; path = RACExtensions.swift; sourceTree = "<group>"; };
		024943461B57D731009110DE /* UIExtensions.swift */ = {isa = PBXFileReference; fileEncoding = 4; lastKnownFileType = sourcecode.swift; path = UIExtensions.swift; sourceTree = "<group>"; };
		024943491B57D7D4009110DE /* SplitHackDelegate.swift */ = {isa = PBXFileReference; fileEncoding = 4; lastKnownFileType = sourcecode.swift; path = SplitHackDelegate.swift; sourceTree = "<group>"; };
		028F5F001B57C4910079FBFE /* CatalogCell.swift */ = {isa = PBXFileReference; fileEncoding = 4; lastKnownFileType = sourcecode.swift; path = CatalogCell.swift; sourceTree = "<group>"; };
		028F5F011B57C4910079FBFE /* CatalogItem.swift */ = {isa = PBXFileReference; fileEncoding = 4; lastKnownFileType = sourcecode.swift; path = CatalogItem.swift; sourceTree = "<group>"; };
		028F5F021B57C4910079FBFE /* CatalogViewController.swift */ = {isa = PBXFileReference; fileEncoding = 4; lastKnownFileType = sourcecode.swift; path = CatalogViewController.swift; sourceTree = "<group>"; };
		028F5F0B1B57C76A0079FBFE /* ExampleTableViewCell.swift */ = {isa = PBXFileReference; fileEncoding = 4; lastKnownFileType = sourcecode.swift; path = ExampleTableViewCell.swift; sourceTree = "<group>"; };
		028F5F0C1B57C76A0079FBFE /* ExampleItem.swift */ = {isa = PBXFileReference; fileEncoding = 4; lastKnownFileType = sourcecode.swift; path = ExampleItem.swift; sourceTree = "<group>"; };
		028F5F0D1B57C76A0079FBFE /* ExampleViewController.swift */ = {isa = PBXFileReference; fileEncoding = 4; lastKnownFileType = sourcecode.swift; path = ExampleViewController.swift; sourceTree = "<group>"; };
		02AB3C4E1B57DFC900CF5A35 /* StaticSectionsViewModel.swift */ = {isa = PBXFileReference; fileEncoding = 4; lastKnownFileType = sourcecode.swift; path = StaticSectionsViewModel.swift; sourceTree = "<group>"; };
		02AB3C501B57E33B00CF5A35 /* ProxyViewModel.swift */ = {isa = PBXFileReference; fileEncoding = 4; lastKnownFileType = sourcecode.swift; path = ProxyViewModel.swift; sourceTree = "<group>"; };
		02CD36A61B57EEBC0030CE81 /* ExampleViewModelAction.swift */ = {isa = PBXFileReference; fileEncoding = 4; lastKnownFileType = sourcecode.swift; path = ExampleViewModelAction.swift; sourceTree = "<group>"; };
		02FE33C01B57FC7C00D2F5AD /* RandomData.swift */ = {isa = PBXFileReference; fileEncoding = 4; lastKnownFileType = sourcecode.swift; path = RandomData.swift; sourceTree = "<group>"; };
		02FE33C21B57FD8200D2F5AD /* AutoDiffViewModel.swift */ = {isa = PBXFileReference; fileEncoding = 4; lastKnownFileType = sourcecode.swift; path = AutoDiffViewModel.swift; sourceTree = "<group>"; };
		02FE33C41B58008600D2F5AD /* CompositeViewModel.swift */ = {isa = PBXFileReference; fileEncoding = 4; lastKnownFileType = sourcecode.swift; path = CompositeViewModel.swift; sourceTree = "<group>"; };
		02FE33C61B58319000D2F5AD /* StaticData.swift */ = {isa = PBXFileReference; fileEncoding = 4; lastKnownFileType = sourcecode.swift; path = StaticData.swift; sourceTree = "<group>"; };
		02FE33C81B58369C00D2F5AD /* SplitHackViewController.swift */ = {isa = PBXFileReference; fileEncoding = 4; lastKnownFileType = sourcecode.swift; path = SplitHackViewController.swift; sourceTree = "<group>"; };
		02FE33CA1B5BA0DA00D2F5AD /* ExampleCollectionViewCell.swift */ = {isa = PBXFileReference; fileEncoding = 4; lastKnownFileType = sourcecode.swift; path = ExampleCollectionViewCell.swift; sourceTree = "<group>"; };
		02FE33CC1B5BAC9F00D2F5AD /* ExampleCollectionViewReusableView.swift */ = {isa = PBXFileReference; fileEncoding = 4; lastKnownFileType = sourcecode.swift; path = ExampleCollectionViewReusableView.swift; sourceTree = "<group>"; };
		02FE33CE1B5BBBBF00D2F5AD /* MutableViewModel.swift */ = {isa = PBXFileReference; fileEncoding = 4; lastKnownFileType = sourcecode.swift; path = MutableViewModel.swift; sourceTree = "<group>"; };
		02FE33D31B5BBE7F00D2F5AD /* EditingViewController.swift */ = {isa = PBXFileReference; fileEncoding = 4; lastKnownFileType = sourcecode.swift; path = EditingViewController.swift; sourceTree = "<group>"; };
		02FE33D51B5BBEFD00D2F5AD /* CatalogStaticItem.swift */ = {isa = PBXFileReference; fileEncoding = 4; lastKnownFileType = sourcecode.swift; path = CatalogStaticItem.swift; sourceTree = "<group>"; };
		02FE33D71B5BC30900D2F5AD /* EditingTableViewDataSource.swift */ = {isa = PBXFileReference; fileEncoding = 4; lastKnownFileType = sourcecode.swift; path = EditingTableViewDataSource.swift; sourceTree = "<group>"; };
		02FE33DA1B5BF22000D2F5AD /* InputFormViewController.swift */ = {isa = PBXFileReference; fileEncoding = 4; lastKnownFileType = sourcecode.swift; path = InputFormViewController.swift; sourceTree = "<group>"; };
		02FE33DC1B5BF2A400D2F5AD /* InputFormData.swift */ = {isa = PBXFileReference; fileEncoding = 4; lastKnownFileType = sourcecode.swift; path = InputFormData.swift; sourceTree = "<group>"; };
		02FE33DE1B5BF2D500D2F5AD /* InputFormTextItem.swift */ = {isa = PBXFileReference; fileEncoding = 4; lastKnownFileType = sourcecode.swift; path = InputFormTextItem.swift; sourceTree = "<group>"; };
		02FE33E01B5BF37000D2F5AD /* InputFormTextFieldCell.swift */ = {isa = PBXFileReference; fileEncoding = 4; lastKnownFileType = sourcecode.swift; path = InputFormTextFieldCell.swift; sourceTree = "<group>"; };
		02FE33E21B5BF3CB00D2F5AD /* InputFormItem.swift */ = {isa = PBXFileReference; fileEncoding = 4; lastKnownFileType = sourcecode.swift; path = InputFormItem.swift; sourceTree = "<group>"; };
		02FE33E41B5BFF6C00D2F5AD /* InputFormBoolItem.swift */ = {isa = PBXFileReference; fileEncoding = 4; lastKnownFileType = sourcecode.swift; path = InputFormBoolItem.swift; sourceTree = "<group>"; };
		02FE33E61B5BFFD900D2F5AD /* InputFormSwitchCell.swift */ = {isa = PBXFileReference; fileEncoding = 4; lastKnownFileType = sourcecode.swift; path = InputFormSwitchCell.swift; sourceTree = "<group>"; };
		02FE33E91B5C053800D2F5AD /* TPKeyboardAvoidingCollectionView.h */ = {isa = PBXFileReference; fileEncoding = 4; lastKnownFileType = sourcecode.c.h; path = TPKeyboardAvoidingCollectionView.h; sourceTree = "<group>"; };
		02FE33EA1B5C053800D2F5AD /* TPKeyboardAvoidingCollectionView.m */ = {isa = PBXFileReference; fileEncoding = 4; lastKnownFileType = sourcecode.c.objc; path = TPKeyboardAvoidingCollectionView.m; sourceTree = "<group>"; };
		02FE33EB1B5C053800D2F5AD /* TPKeyboardAvoidingScrollView.h */ = {isa = PBXFileReference; fileEncoding = 4; lastKnownFileType = sourcecode.c.h; path = TPKeyboardAvoidingScrollView.h; sourceTree = "<group>"; };
		02FE33EC1B5C053800D2F5AD /* TPKeyboardAvoidingScrollView.m */ = {isa = PBXFileReference; fileEncoding = 4; lastKnownFileType = sourcecode.c.objc; path = TPKeyboardAvoidingScrollView.m; sourceTree = "<group>"; };
		02FE33ED1B5C053800D2F5AD /* TPKeyboardAvoidingTableView.h */ = {isa = PBXFileReference; fileEncoding = 4; lastKnownFileType = sourcecode.c.h; path = TPKeyboardAvoidingTableView.h; sourceTree = "<group>"; };
		02FE33EE1B5C053800D2F5AD /* TPKeyboardAvoidingTableView.m */ = {isa = PBXFileReference; fileEncoding = 4; lastKnownFileType = sourcecode.c.objc; path = TPKeyboardAvoidingTableView.m; sourceTree = "<group>"; };
		02FE33EF1B5C053800D2F5AD /* UIScrollView+TPKeyboardAvoidingAdditions.h */ = {isa = PBXFileReference; fileEncoding = 4; lastKnownFileType = sourcecode.c.h; path = "UIScrollView+TPKeyboardAvoidingAdditions.h"; sourceTree = "<group>"; };
		02FE33F01B5C053800D2F5AD /* UIScrollView+TPKeyboardAvoidingAdditions.m */ = {isa = PBXFileReference; fileEncoding = 4; lastKnownFileType = sourcecode.c.objc; path = "UIScrollView+TPKeyboardAvoidingAdditions.m"; sourceTree = "<group>"; };
/* End PBXFileReference section */

/* Begin PBXFrameworksBuildPhase section */
		022B10051B2F2FC400DD4DCD /* Frameworks */ = {
			isa = PBXFrameworksBuildPhase;
			buildActionMask = 2147483647;
			files = (
				022B10401B2F42DC00DD4DCD /* Box.framework in Frameworks */,
				022B10461B2F437400DD4DCD /* DataSource.framework in Frameworks */,
				022B104A1B2F437400DD4DCD /* Result.framework in Frameworks */,
				022B10421B2F42DC00DD4DCD /* ReactiveCocoa.framework in Frameworks */,
			);
			runOnlyForDeploymentPostprocessing = 0;
		};
/* End PBXFrameworksBuildPhase section */

/* Begin PBXGroup section */
		022B0FFF1B2F2FC400DD4DCD = {
			isa = PBXGroup;
			children = (
				02FE33E81B5C053800D2F5AD /* TPKeyboardAvoiding */,
				022B100A1B2F2FC400DD4DCD /* DataSourceExample */,
				028F5EF81B57BDC30079FBFE /* Frameworks */,
				022B10091B2F2FC400DD4DCD /* Products */,
			);
			sourceTree = "<group>";
		};
		022B10091B2F2FC400DD4DCD /* Products */ = {
			isa = PBXGroup;
			children = (
				022B10081B2F2FC400DD4DCD /* DataSourceExample.app */,
			);
			name = Products;
			sourceTree = "<group>";
		};
		022B100A1B2F2FC400DD4DCD /* DataSourceExample */ = {
			isa = PBXGroup;
			children = (
				022B100D1B2F2FC400DD4DCD /* AppDelegate.swift */,
				028F5EFF1B57C4910079FBFE /* Catalog */,
				02FE33D21B5BBE5B00D2F5AD /* Editing */,
				028F5F0A1B57C76A0079FBFE /* Example */,
				0249433F1B57CE14009110DE /* Examples */,
				024943441B57D731009110DE /* Helpers */,
				022B10161B2F2FC400DD4DCD /* Images.xcassets */,
				02FE33D91B5BF10D00D2F5AD /* InputForm */,
				022B10181B2F2FC400DD4DCD /* LaunchScreen.xib */,
				022B10131B2F2FC400DD4DCD /* Main.storyboard */,
				022B100B1B2F2FC400DD4DCD /* Supporting Files */,
			);
			path = DataSourceExample;
			sourceTree = "<group>";
		};
		022B100B1B2F2FC400DD4DCD /* Supporting Files */ = {
			isa = PBXGroup;
			children = (
				022B100C1B2F2FC400DD4DCD /* Info.plist */,
			);
			name = "Supporting Files";
			sourceTree = "<group>";
		};
		0249433F1B57CE14009110DE /* Examples */ = {
			isa = PBXGroup;
			children = (
				02FE33C21B57FD8200D2F5AD /* AutoDiffViewModel.swift */,
				02FE33C41B58008600D2F5AD /* CompositeViewModel.swift */,
				02FE33CE1B5BBBBF00D2F5AD /* MutableViewModel.swift */,
				02AB3C501B57E33B00CF5A35 /* ProxyViewModel.swift */,
				024943401B57CE23009110DE /* StaticItemsViewModel.swift */,
				02AB3C4E1B57DFC900CF5A35 /* StaticSectionsViewModel.swift */,
			);
			path = Examples;
			sourceTree = "<group>";
		};
		024943441B57D731009110DE /* Helpers */ = {
			isa = PBXGroup;
			children = (
				024943451B57D731009110DE /* RACExtensions.swift */,
				02FE33C01B57FC7C00D2F5AD /* RandomData.swift */,
				024943491B57D7D4009110DE /* SplitHackDelegate.swift */,
				02FE33C81B58369C00D2F5AD /* SplitHackViewController.swift */,
				02FE33C61B58319000D2F5AD /* StaticData.swift */,
				024943461B57D731009110DE /* UIExtensions.swift */,
			);
			path = Helpers;
			sourceTree = "<group>";
		};
		028F5EF81B57BDC30079FBFE /* Frameworks */ = {
			isa = PBXGroup;
			children = (
				022B103C1B2F42DC00DD4DCD /* Box.framework */,
				022B103D1B2F42DC00DD4DCD /* DataSource.framework */,
				022B103E1B2F42DC00DD4DCD /* ReactiveCocoa.framework */,
				022B103F1B2F42DC00DD4DCD /* Result.framework */,
			);
			name = Frameworks;
			sourceTree = "<group>";
		};
		028F5EFF1B57C4910079FBFE /* Catalog */ = {
			isa = PBXGroup;
			children = (
				028F5F001B57C4910079FBFE /* CatalogCell.swift */,
				028F5F011B57C4910079FBFE /* CatalogItem.swift */,
				02FE33D51B5BBEFD00D2F5AD /* CatalogStaticItem.swift */,
				028F5F021B57C4910079FBFE /* CatalogViewController.swift */,
			);
			path = Catalog;
			sourceTree = "<group>";
		};
		028F5F0A1B57C76A0079FBFE /* Example */ = {
			isa = PBXGroup;
			children = (
				02FE33CA1B5BA0DA00D2F5AD /* ExampleCollectionViewCell.swift */,
				02FE33CC1B5BAC9F00D2F5AD /* ExampleCollectionViewReusableView.swift */,
				028F5F0C1B57C76A0079FBFE /* ExampleItem.swift */,
				028F5F0B1B57C76A0079FBFE /* ExampleTableViewCell.swift */,
				028F5F0D1B57C76A0079FBFE /* ExampleViewController.swift */,
				0249433B1B57CBAD009110DE /* ExampleViewModel.swift */,
				02CD36A61B57EEBC0030CE81 /* ExampleViewModelAction.swift */,
			);
			path = Example;
			sourceTree = "<group>";
		};
		02FE33D21B5BBE5B00D2F5AD /* Editing */ = {
			isa = PBXGroup;
			children = (
				02FE33D31B5BBE7F00D2F5AD /* EditingViewController.swift */,
				02FE33D71B5BC30900D2F5AD /* EditingTableViewDataSource.swift */,
			);
			path = Editing;
			sourceTree = "<group>";
		};
		02FE33D91B5BF10D00D2F5AD /* InputForm */ = {
			isa = PBXGroup;
			children = (
				02FE33E41B5BFF6C00D2F5AD /* InputFormBoolItem.swift */,
				02FE33DC1B5BF2A400D2F5AD /* InputFormData.swift */,
				02FE33E21B5BF3CB00D2F5AD /* InputFormItem.swift */,
				02FE33E01B5BF37000D2F5AD /* InputFormTextFieldCell.swift */,
				02FE33DE1B5BF2D500D2F5AD /* InputFormTextItem.swift */,
				02FE33DA1B5BF22000D2F5AD /* InputFormViewController.swift */,
				02FE33E61B5BFFD900D2F5AD /* InputFormSwitchCell.swift */,
			);
			path = InputForm;
			sourceTree = "<group>";
		};
		02FE33E81B5C053800D2F5AD /* TPKeyboardAvoiding */ = {
			isa = PBXGroup;
			children = (
				02FE33E91B5C053800D2F5AD /* TPKeyboardAvoidingCollectionView.h */,
				02FE33EA1B5C053800D2F5AD /* TPKeyboardAvoidingCollectionView.m */,
				02FE33EB1B5C053800D2F5AD /* TPKeyboardAvoidingScrollView.h */,
				02FE33EC1B5C053800D2F5AD /* TPKeyboardAvoidingScrollView.m */,
				02FE33ED1B5C053800D2F5AD /* TPKeyboardAvoidingTableView.h */,
				02FE33EE1B5C053800D2F5AD /* TPKeyboardAvoidingTableView.m */,
				02FE33EF1B5C053800D2F5AD /* UIScrollView+TPKeyboardAvoidingAdditions.h */,
				02FE33F01B5C053800D2F5AD /* UIScrollView+TPKeyboardAvoidingAdditions.m */,
			);
			path = TPKeyboardAvoiding;
			sourceTree = "<group>";
		};
/* End PBXGroup section */

/* Begin PBXNativeTarget section */
		022B10071B2F2FC400DD4DCD /* DataSourceExample */ = {
			isa = PBXNativeTarget;
			buildConfigurationList = 022B10291B2F2FC400DD4DCD /* Build configuration list for PBXNativeTarget "DataSourceExample" */;
			buildPhases = (
				022B10041B2F2FC400DD4DCD /* Sources */,
				022B10051B2F2FC400DD4DCD /* Frameworks */,
				022B10061B2F2FC400DD4DCD /* Resources */,
				022B104C1B2F437400DD4DCD /* Embed Frameworks */,
			);
			buildRules = (
			);
			dependencies = (
			);
			name = DataSourceExample;
			productName = DataSourceExample;
			productReference = 022B10081B2F2FC400DD4DCD /* DataSourceExample.app */;
			productType = "com.apple.product-type.application";
		};
/* End PBXNativeTarget section */

/* Begin PBXProject section */
		022B10001B2F2FC400DD4DCD /* Project object */ = {
			isa = PBXProject;
			attributes = {
				LastUpgradeCheck = 0640;
				ORGANIZATIONNAME = Fueled;
				TargetAttributes = {
					022B10071B2F2FC400DD4DCD = {
						CreatedOnToolsVersion = 6.3.2;
					};
				};
			};
			buildConfigurationList = 022B10031B2F2FC400DD4DCD /* Build configuration list for PBXProject "DataSourceExample" */;
			compatibilityVersion = "Xcode 3.2";
			developmentRegion = English;
			hasScannedForEncodings = 0;
			knownRegions = (
				en,
				Base,
			);
			mainGroup = 022B0FFF1B2F2FC400DD4DCD;
			productRefGroup = 022B10091B2F2FC400DD4DCD /* Products */;
			projectDirPath = "";
			projectRoot = "";
			targets = (
				022B10071B2F2FC400DD4DCD /* DataSourceExample */,
			);
		};
/* End PBXProject section */

/* Begin PBXResourcesBuildPhase section */
		022B10061B2F2FC400DD4DCD /* Resources */ = {
			isa = PBXResourcesBuildPhase;
			buildActionMask = 2147483647;
			files = (
				022B10151B2F2FC400DD4DCD /* Main.storyboard in Resources */,
				022B101A1B2F2FC400DD4DCD /* LaunchScreen.xib in Resources */,
				022B10171B2F2FC400DD4DCD /* Images.xcassets in Resources */,
			);
			runOnlyForDeploymentPostprocessing = 0;
		};
/* End PBXResourcesBuildPhase section */

/* Begin PBXSourcesBuildPhase section */
		022B10041B2F2FC400DD4DCD /* Sources */ = {
			isa = PBXSourcesBuildPhase;
			buildActionMask = 2147483647;
			files = (
				0249434A1B57D7D4009110DE /* SplitHackDelegate.swift in Sources */,
				02FE33D41B5BBE7F00D2F5AD /* EditingViewController.swift in Sources */,
				02FE33D81B5BC30900D2F5AD /* EditingTableViewDataSource.swift in Sources */,
				02AB3C511B57E33B00CF5A35 /* ProxyViewModel.swift in Sources */,
				02FE33DD1B5BF2A400D2F5AD /* InputFormData.swift in Sources */,
				02FE33CF1B5BBBBF00D2F5AD /* MutableViewModel.swift in Sources */,
				028F5F101B57C76A0079FBFE /* ExampleViewController.swift in Sources */,
				028F5F031B57C4910079FBFE /* CatalogCell.swift in Sources */,
				024943481B57D731009110DE /* UIExtensions.swift in Sources */,
				028F5F0E1B57C76A0079FBFE /* ExampleTableViewCell.swift in Sources */,
				02FE33C91B58369C00D2F5AD /* SplitHackViewController.swift in Sources */,
				02FE33C11B57FC7C00D2F5AD /* RandomData.swift in Sources */,
				024943471B57D731009110DE /* RACExtensions.swift in Sources */,
				02FE33E31B5BF3CB00D2F5AD /* InputFormItem.swift in Sources */,
				02CD36A71B57EEBC0030CE81 /* ExampleViewModelAction.swift in Sources */,
				02FE33DF1B5BF2D500D2F5AD /* InputFormTextItem.swift in Sources */,
				02FE33DB1B5BF22000D2F5AD /* InputFormViewController.swift in Sources */,
				02FE33E51B5BFF6C00D2F5AD /* InputFormBoolItem.swift in Sources */,
				02FE33F11B5C053800D2F5AD /* TPKeyboardAvoidingCollectionView.m in Sources */,
				0249433C1B57CBAD009110DE /* ExampleViewModel.swift in Sources */,
				02AB3C4F1B57DFC900CF5A35 /* StaticSectionsViewModel.swift in Sources */,
				02FE33F31B5C053800D2F5AD /* TPKeyboardAvoidingTableView.m in Sources */,
				02FE33F21B5C053800D2F5AD /* TPKeyboardAvoidingScrollView.m in Sources */,
				02FE33E11B5BF37000D2F5AD /* InputFormTextFieldCell.swift in Sources */,
				02FE33CB1B5BA0DA00D2F5AD /* ExampleCollectionViewCell.swift in Sources */,
				02FE33C31B57FD8200D2F5AD /* AutoDiffViewModel.swift in Sources */,
				022B100E1B2F2FC400DD4DCD /* AppDelegate.swift in Sources */,
				02FE33CD1B5BAC9F00D2F5AD /* ExampleCollectionViewReusableView.swift in Sources */,
				02FE33D61B5BBEFD00D2F5AD /* CatalogStaticItem.swift in Sources */,
				02FE33F41B5C053800D2F5AD /* UIScrollView+TPKeyboardAvoidingAdditions.m in Sources */,
				028F5F0F1B57C76A0079FBFE /* ExampleItem.swift in Sources */,
				02FE33C51B58008600D2F5AD /* CompositeViewModel.swift in Sources */,
				028F5F051B57C4910079FBFE /* CatalogViewController.swift in Sources */,
				028F5F041B57C4910079FBFE /* CatalogItem.swift in Sources */,
				02FE33C71B58319000D2F5AD /* StaticData.swift in Sources */,
				02FE33E71B5BFFD900D2F5AD /* InputFormSwitchCell.swift in Sources */,
				024943411B57CE23009110DE /* StaticItemsViewModel.swift in Sources */,
			);
			runOnlyForDeploymentPostprocessing = 0;
		};
/* End PBXSourcesBuildPhase section */

/* Begin PBXVariantGroup section */
		022B10131B2F2FC400DD4DCD /* Main.storyboard */ = {
			isa = PBXVariantGroup;
			children = (
				022B10141B2F2FC400DD4DCD /* Base */,
			);
			name = Main.storyboard;
			sourceTree = "<group>";
		};
		022B10181B2F2FC400DD4DCD /* LaunchScreen.xib */ = {
			isa = PBXVariantGroup;
			children = (
				022B10191B2F2FC400DD4DCD /* Base */,
			);
			name = LaunchScreen.xib;
			sourceTree = "<group>";
		};
/* End PBXVariantGroup section */

/* Begin XCBuildConfiguration section */
		022B10271B2F2FC400DD4DCD /* Debug */ = {
			isa = XCBuildConfiguration;
			buildSettings = {
				ALWAYS_SEARCH_USER_PATHS = NO;
				CLANG_CXX_LANGUAGE_STANDARD = "gnu++0x";
				CLANG_CXX_LIBRARY = "libc++";
				CLANG_ENABLE_MODULES = YES;
				CLANG_ENABLE_OBJC_ARC = YES;
				CLANG_WARN_BOOL_CONVERSION = YES;
				CLANG_WARN_CONSTANT_CONVERSION = YES;
				CLANG_WARN_DIRECT_OBJC_ISA_USAGE = YES_ERROR;
				CLANG_WARN_EMPTY_BODY = YES;
				CLANG_WARN_ENUM_CONVERSION = YES;
				CLANG_WARN_INT_CONVERSION = YES;
				CLANG_WARN_OBJC_ROOT_CLASS = YES_ERROR;
				CLANG_WARN_UNREACHABLE_CODE = YES;
				CLANG_WARN__DUPLICATE_METHOD_MATCH = YES;
				CODE_SIGN_IDENTITY = "iPhone Developer";
				COPY_PHASE_STRIP = NO;
				DEBUG_INFORMATION_FORMAT = "dwarf-with-dsym";
				ENABLE_STRICT_OBJC_MSGSEND = YES;
				GCC_C_LANGUAGE_STANDARD = gnu99;
				GCC_DYNAMIC_NO_PIC = NO;
				GCC_NO_COMMON_BLOCKS = YES;
				GCC_OPTIMIZATION_LEVEL = 0;
				GCC_PREPROCESSOR_DEFINITIONS = (
					"DEBUG=1",
					"$(inherited)",
				);
				GCC_SYMBOLS_PRIVATE_EXTERN = NO;
				GCC_WARN_64_TO_32_BIT_CONVERSION = YES;
				GCC_WARN_ABOUT_RETURN_TYPE = YES_ERROR;
				GCC_WARN_UNDECLARED_SELECTOR = YES;
				GCC_WARN_UNINITIALIZED_AUTOS = YES_AGGRESSIVE;
				GCC_WARN_UNUSED_FUNCTION = YES;
				GCC_WARN_UNUSED_VARIABLE = YES;
				IPHONEOS_DEPLOYMENT_TARGET = 8.0;
				MTL_ENABLE_DEBUG_INFO = YES;
				ONLY_ACTIVE_ARCH = YES;
				SDKROOT = iphoneos;
				SWIFT_OPTIMIZATION_LEVEL = "-Onone";
				TARGETED_DEVICE_FAMILY = "1,2";
			};
			name = Debug;
		};
		022B10281B2F2FC400DD4DCD /* Release */ = {
			isa = XCBuildConfiguration;
			buildSettings = {
				ALWAYS_SEARCH_USER_PATHS = NO;
				CLANG_CXX_LANGUAGE_STANDARD = "gnu++0x";
				CLANG_CXX_LIBRARY = "libc++";
				CLANG_ENABLE_MODULES = YES;
				CLANG_ENABLE_OBJC_ARC = YES;
				CLANG_WARN_BOOL_CONVERSION = YES;
				CLANG_WARN_CONSTANT_CONVERSION = YES;
				CLANG_WARN_DIRECT_OBJC_ISA_USAGE = YES_ERROR;
				CLANG_WARN_EMPTY_BODY = YES;
				CLANG_WARN_ENUM_CONVERSION = YES;
				CLANG_WARN_INT_CONVERSION = YES;
				CLANG_WARN_OBJC_ROOT_CLASS = YES_ERROR;
				CLANG_WARN_UNREACHABLE_CODE = YES;
				CLANG_WARN__DUPLICATE_METHOD_MATCH = YES;
				CODE_SIGN_IDENTITY = "iPhone Developer";
				COPY_PHASE_STRIP = NO;
				DEBUG_INFORMATION_FORMAT = "dwarf-with-dsym";
				ENABLE_NS_ASSERTIONS = NO;
				ENABLE_STRICT_OBJC_MSGSEND = YES;
				GCC_C_LANGUAGE_STANDARD = gnu99;
				GCC_NO_COMMON_BLOCKS = YES;
				GCC_WARN_64_TO_32_BIT_CONVERSION = YES;
				GCC_WARN_ABOUT_RETURN_TYPE = YES_ERROR;
				GCC_WARN_UNDECLARED_SELECTOR = YES;
				GCC_WARN_UNINITIALIZED_AUTOS = YES_AGGRESSIVE;
				GCC_WARN_UNUSED_FUNCTION = YES;
				GCC_WARN_UNUSED_VARIABLE = YES;
				IPHONEOS_DEPLOYMENT_TARGET = 8.0;
				MTL_ENABLE_DEBUG_INFO = NO;
				SDKROOT = iphoneos;
				TARGETED_DEVICE_FAMILY = "1,2";
				VALIDATE_PRODUCT = YES;
			};
			name = Release;
		};
		022B102A1B2F2FC400DD4DCD /* Debug */ = {
			isa = XCBuildConfiguration;
			buildSettings = {
				ASSETCATALOG_COMPILER_APPICON_NAME = AppIcon;
				FRAMEWORK_SEARCH_PATHS = (
					"$(inherited)",
					"$(PROJECT_DIR)/Carthage/Build/iOS",
				);
				INFOPLIST_FILE = DataSourceExample/Info.plist;
				LD_RUNPATH_SEARCH_PATHS = "$(inherited) @executable_path/Frameworks";
				PRODUCT_NAME = "$(TARGET_NAME)";
			};
			name = Debug;
		};
		022B102B1B2F2FC400DD4DCD /* Release */ = {
			isa = XCBuildConfiguration;
			buildSettings = {
				ASSETCATALOG_COMPILER_APPICON_NAME = AppIcon;
				FRAMEWORK_SEARCH_PATHS = (
					"$(inherited)",
					"$(PROJECT_DIR)/Carthage/Build/iOS",
				);
				INFOPLIST_FILE = DataSourceExample/Info.plist;
				LD_RUNPATH_SEARCH_PATHS = "$(inherited) @executable_path/Frameworks";
				PRODUCT_NAME = "$(TARGET_NAME)";
			};
			name = Release;
		};
/* End XCBuildConfiguration section */

/* Begin XCConfigurationList section */
		022B10031B2F2FC400DD4DCD /* Build configuration list for PBXProject "DataSourceExample" */ = {
			isa = XCConfigurationList;
			buildConfigurations = (
				022B10271B2F2FC400DD4DCD /* Debug */,
				022B10281B2F2FC400DD4DCD /* Release */,
			);
			defaultConfigurationIsVisible = 0;
			defaultConfigurationName = Release;
		};
		022B10291B2F2FC400DD4DCD /* Build configuration list for PBXNativeTarget "DataSourceExample" */ = {
			isa = XCConfigurationList;
			buildConfigurations = (
				022B102A1B2F2FC400DD4DCD /* Debug */,
				022B102B1B2F2FC400DD4DCD /* Release */,
			);
			defaultConfigurationIsVisible = 0;
			defaultConfigurationName = Release;
		};
/* End XCConfigurationList section */
	};
	rootObject = 022B10001B2F2FC400DD4DCD /* Project object */;
}
